
Microsoft Visual Studio Solution File, Format Version 12.00
# Visual Studio Version 16
VisualStudioVersion = 16.0.29201.188
MinimumVisualStudioVersion = 10.0.40219.1
Project("{FAE04EC0-301F-11D3-BF4B-00C04F79EFBC}") = "PdfSplitter", "PdfSplitter\PdfSplitter.csproj", "{B586CD8D-7B91-482E-97CE-5E2481DE115C}"
EndProject
Global
	GlobalSection(SolutionConfigurationPlatforms) = preSolution
		Debug|Any CPU = Debug|Any CPU
		Release|Any CPU = Release|Any CPU
	EndGlobalSection
	GlobalSection(ProjectConfigurationPlatforms) = postSolution
		{B586CD8D-7B91-482E-97CE-5E2481DE115C}.Debug|Any CPU.ActiveCfg = Debug|Any CPU
		{B586CD8D-7B91-482E-97CE-5E2481DE115C}.Debug|Any CPU.Build.0 = Debug|Any CPU
		{B586CD8D-7B91-482E-97CE-5E2481DE115C}.Release|Any CPU.ActiveCfg = Release|Any CPU
		{B586CD8D-7B91-482E-97CE-5E2481DE115C}.Release|Any CPU.Build.0 = Release|Any CPU
	EndGlobalSection
	GlobalSection(SolutionProperties) = preSolution
		HideSolutionNode = FALSE
	EndGlobalSection
	GlobalSection(ExtensibilityGlobals) = postSolution
		SolutionGuid = {E80412E4-C46C-40FE-8335-4C3E6C30CBD3}
	EndGlobalSection
EndGlobal
